// !$*UTF8*$!
{
	archiveVersion = 1;
	classes = {
	};
	objectVersion = 56;
	objects = {

/* Begin PBXBuildFile section */
		FA21FDA32AB29AB500346EB8 /* AppDelegate.swift in Sources */ = {isa = PBXBuildFile; fileRef = FA21FDA22AB29AB500346EB8 /* AppDelegate.swift */; };
		FA21FDA52AB29AB500346EB8 /* SceneDelegate.swift in Sources */ = {isa = PBXBuildFile; fileRef = FA21FDA42AB29AB500346EB8 /* SceneDelegate.swift */; };
		FA21FDA72AB29AB500346EB8 /* ViewController.swift in Sources */ = {isa = PBXBuildFile; fileRef = FA21FDA62AB29AB500346EB8 /* ViewController.swift */; };
		FA21FDAA2AB29AB500346EB8 /* Main.storyboard in Resources */ = {isa = PBXBuildFile; fileRef = FA21FDA82AB29AB500346EB8 /* Main.storyboard */; };
		FA21FDAC2AB29AB600346EB8 /* Assets.xcassets in Resources */ = {isa = PBXBuildFile; fileRef = FA21FDAB2AB29AB600346EB8 /* Assets.xcassets */; };
		FA21FDAF2AB29AB600346EB8 /* LaunchScreen.storyboard in Resources */ = {isa = PBXBuildFile; fileRef = FA21FDAD2AB29AB600346EB8 /* LaunchScreen.storyboard */; };
		FA21FDBA2AB29AB700346EB8 /* LoginPageTests.swift in Sources */ = {isa = PBXBuildFile; fileRef = FA21FDB92AB29AB700346EB8 /* LoginPageTests.swift */; };
		FA21FDC42AB29AB700346EB8 /* LoginPageUITests.swift in Sources */ = {isa = PBXBuildFile; fileRef = FA21FDC32AB29AB700346EB8 /* LoginPageUITests.swift */; };
		FA21FDC62AB29AB700346EB8 /* LoginPageUITestsLaunchTests.swift in Sources */ = {isa = PBXBuildFile; fileRef = FA21FDC52AB29AB700346EB8 /* LoginPageUITestsLaunchTests.swift */; };
/* End PBXBuildFile section */

/* Begin PBXContainerItemProxy section */
		FA21FDB62AB29AB700346EB8 /* PBXContainerItemProxy */ = {
			isa = PBXContainerItemProxy;
			containerPortal = FA21FD972AB29AB500346EB8 /* Project object */;
			proxyType = 1;
			remoteGlobalIDString = FA21FD9E2AB29AB500346EB8;
			remoteInfo = LoginPage;
		};
		FA21FDC02AB29AB700346EB8 /* PBXContainerItemProxy */ = {
			isa = PBXContainerItemProxy;
			containerPortal = FA21FD972AB29AB500346EB8 /* Project object */;
			proxyType = 1;
			remoteGlobalIDString = FA21FD9E2AB29AB500346EB8;
			remoteInfo = LoginPage;
		};
/* End PBXContainerItemProxy section */

/* Begin PBXFileReference section */
		FA21FD9F2AB29AB500346EB8 /* LoginPage.app */ = {isa = PBXFileReference; explicitFileType = wrapper.application; includeInIndex = 0; path = LoginPage.app; sourceTree = BUILT_PRODUCTS_DIR; };
		FA21FDA22AB29AB500346EB8 /* AppDelegate.swift */ = {isa = PBXFileReference; lastKnownFileType = sourcecode.swift; path = AppDelegate.swift; sourceTree = "<group>"; };
		FA21FDA42AB29AB500346EB8 /* SceneDelegate.swift */ = {isa = PBXFileReference; lastKnownFileType = sourcecode.swift; path = SceneDelegate.swift; sourceTree = "<group>"; };
		FA21FDA62AB29AB500346EB8 /* ViewController.swift */ = {isa = PBXFileReference; lastKnownFileType = sourcecode.swift; path = ViewController.swift; sourceTree = "<group>"; };
		FA21FDA92AB29AB500346EB8 /* Base */ = {isa = PBXFileReference; lastKnownFileType = file.storyboard; name = Base; path = Base.lproj/Main.storyboard; sourceTree = "<group>"; };
		FA21FDAB2AB29AB600346EB8 /* Assets.xcassets */ = {isa = PBXFileReference; lastKnownFileType = folder.assetcatalog; path = Assets.xcassets; sourceTree = "<group>"; };
		FA21FDAE2AB29AB600346EB8 /* Base */ = {isa = PBXFileReference; lastKnownFileType = file.storyboard; name = Base; path = Base.lproj/LaunchScreen.storyboard; sourceTree = "<group>"; };
		FA21FDB02AB29AB600346EB8 /* Info.plist */ = {isa = PBXFileReference; lastKnownFileType = text.plist.xml; path = Info.plist; sourceTree = "<group>"; };
		FA21FDB52AB29AB700346EB8 /* LoginPageTests.xctest */ = {isa = PBXFileReference; explicitFileType = wrapper.cfbundle; includeInIndex = 0; path = LoginPageTests.xctest; sourceTree = BUILT_PRODUCTS_DIR; };
		FA21FDB92AB29AB700346EB8 /* LoginPageTests.swift */ = {isa = PBXFileReference; lastKnownFileType = sourcecode.swift; path = LoginPageTests.swift; sourceTree = "<group>"; };
		FA21FDBF2AB29AB700346EB8 /* LoginPageUITests.xctest */ = {isa = PBXFileReference; explicitFileType = wrapper.cfbundle; includeInIndex = 0; path = LoginPageUITests.xctest; sourceTree = BUILT_PRODUCTS_DIR; };
		FA21FDC32AB29AB700346EB8 /* LoginPageUITests.swift */ = {isa = PBXFileReference; lastKnownFileType = sourcecode.swift; path = LoginPageUITests.swift; sourceTree = "<group>"; };
		FA21FDC52AB29AB700346EB8 /* LoginPageUITestsLaunchTests.swift */ = {isa = PBXFileReference; lastKnownFileType = sourcecode.swift; path = LoginPageUITestsLaunchTests.swift; sourceTree = "<group>"; };
/* End PBXFileReference section */

/* Begin PBXFrameworksBuildPhase section */
		FA21FD9C2AB29AB500346EB8 /* Frameworks */ = {
			isa = PBXFrameworksBuildPhase;
			buildActionMask = 2147483647;
			files = (
			);
			runOnlyForDeploymentPostprocessing = 0;
		};
		FA21FDB22AB29AB700346EB8 /* Frameworks */ = {
			isa = PBXFrameworksBuildPhase;
			buildActionMask = 2147483647;
			files = (
			);
			runOnlyForDeploymentPostprocessing = 0;
		};
		FA21FDBC2AB29AB700346EB8 /* Frameworks */ = {
			isa = PBXFrameworksBuildPhase;
			buildActionMask = 2147483647;
			files = (
			);
			runOnlyForDeploymentPostprocessing = 0;
		};
/* End PBXFrameworksBuildPhase section */

/* Begin PBXGroup section */
		FA21FD962AB29AB500346EB8 = {
			isa = PBXGroup;
			children = (
				FA21FDA12AB29AB500346EB8 /* LoginPage */,
				FA21FDB82AB29AB700346EB8 /* LoginPageTests */,
				FA21FDC22AB29AB700346EB8 /* LoginPageUITests */,
				FA21FDA02AB29AB500346EB8 /* Products */,
			);
			sourceTree = "<group>";
		};
		FA21FDA02AB29AB500346EB8 /* Products */ = {
			isa = PBXGroup;
			children = (
				FA21FD9F2AB29AB500346EB8 /* LoginPage.app */,
				FA21FDB52AB29AB700346EB8 /* LoginPageTests.xctest */,
				FA21FDBF2AB29AB700346EB8 /* LoginPageUITests.xctest */,
			);
			name = Products;
			sourceTree = "<group>";
		};
		FA21FDA12AB29AB500346EB8 /* LoginPage */ = {
			isa = PBXGroup;
			children = (
				FA21FDA22AB29AB500346EB8 /* AppDelegate.swift */,
				FA21FDA42AB29AB500346EB8 /* SceneDelegate.swift */,
				FA21FDA62AB29AB500346EB8 /* ViewController.swift */,
				FA21FDA82AB29AB500346EB8 /* Main.storyboard */,
				FA21FDAB2AB29AB600346EB8 /* Assets.xcassets */,
				FA21FDAD2AB29AB600346EB8 /* LaunchScreen.storyboard */,
				FA21FDB02AB29AB600346EB8 /* Info.plist */,
			);
			path = LoginPage;
			sourceTree = "<group>";
		};
		FA21FDB82AB29AB700346EB8 /* LoginPageTests */ = {
			isa = PBXGroup;
			children = (
				FA21FDB92AB29AB700346EB8 /* LoginPageTests.swift */,
			);
			path = LoginPageTests;
			sourceTree = "<group>";
		};
		FA21FDC22AB29AB700346EB8 /* LoginPageUITests */ = {
			isa = PBXGroup;
			children = (
				FA21FDC32AB29AB700346EB8 /* LoginPageUITests.swift */,
				FA21FDC52AB29AB700346EB8 /* LoginPageUITestsLaunchTests.swift */,
			);
			path = LoginPageUITests;
			sourceTree = "<group>";
		};
/* End PBXGroup section */

/* Begin PBXNativeTarget section */
		FA21FD9E2AB29AB500346EB8 /* LoginPage */ = {
			isa = PBXNativeTarget;
			buildConfigurationList = FA21FDC92AB29AB700346EB8 /* Build configuration list for PBXNativeTarget "LoginPage" */;
			buildPhases = (
				FA21FD9B2AB29AB500346EB8 /* Sources */,
				FA21FD9C2AB29AB500346EB8 /* Frameworks */,
				FA21FD9D2AB29AB500346EB8 /* Resources */,
			);
			buildRules = (
			);
			dependencies = (
			);
			name = LoginPage;
			productName = LoginPage;
			productReference = FA21FD9F2AB29AB500346EB8 /* LoginPage.app */;
			productType = "com.apple.product-type.application";
		};
		FA21FDB42AB29AB700346EB8 /* LoginPageTests */ = {
			isa = PBXNativeTarget;
			buildConfigurationList = FA21FDCC2AB29AB700346EB8 /* Build configuration list for PBXNativeTarget "LoginPageTests" */;
			buildPhases = (
				FA21FDB12AB29AB700346EB8 /* Sources */,
				FA21FDB22AB29AB700346EB8 /* Frameworks */,
				FA21FDB32AB29AB700346EB8 /* Resources */,
			);
			buildRules = (
			);
			dependencies = (
				FA21FDB72AB29AB700346EB8 /* PBXTargetDependency */,
			);
			name = LoginPageTests;
			productName = LoginPageTests;
			productReference = FA21FDB52AB29AB700346EB8 /* LoginPageTests.xctest */;
			productType = "com.apple.product-type.bundle.unit-test";
		};
		FA21FDBE2AB29AB700346EB8 /* LoginPageUITests */ = {
			isa = PBXNativeTarget;
			buildConfigurationList = FA21FDCF2AB29AB700346EB8 /* Build configuration list for PBXNativeTarget "LoginPageUITests" */;
			buildPhases = (
				FA21FDBB2AB29AB700346EB8 /* Sources */,
				FA21FDBC2AB29AB700346EB8 /* Frameworks */,
				FA21FDBD2AB29AB700346EB8 /* Resources */,
			);
			buildRules = (
			);
			dependencies = (
				FA21FDC12AB29AB700346EB8 /* PBXTargetDependency */,
			);
			name = LoginPageUITests;
			productName = LoginPageUITests;
			productReference = FA21FDBF2AB29AB700346EB8 /* LoginPageUITests.xctest */;
			productType = "com.apple.product-type.bundle.ui-testing";
		};
/* End PBXNativeTarget section */

/* Begin PBXProject section */
		FA21FD972AB29AB500346EB8 /* Project object */ = {
			isa = PBXProject;
			attributes = {
				BuildIndependentTargetsInParallel = 1;
				LastSwiftUpdateCheck = 1430;
				LastUpgradeCheck = 1430;
				TargetAttributes = {
					FA21FD9E2AB29AB500346EB8 = {
						CreatedOnToolsVersion = 14.3.1;
					};
					FA21FDB42AB29AB700346EB8 = {
						CreatedOnToolsVersion = 14.3.1;
						TestTargetID = FA21FD9E2AB29AB500346EB8;
					};
					FA21FDBE2AB29AB700346EB8 = {
						CreatedOnToolsVersion = 14.3.1;
						TestTargetID = FA21FD9E2AB29AB500346EB8;
					};
				};
			};
			buildConfigurationList = FA21FD9A2AB29AB500346EB8 /* Build configuration list for PBXProject "LoginPage" */;
			compatibilityVersion = "Xcode 14.0";
			developmentRegion = en;
			hasScannedForEncodings = 0;
			knownRegions = (
				en,
				Base,
			);
			mainGroup = FA21FD962AB29AB500346EB8;
			productRefGroup = FA21FDA02AB29AB500346EB8 /* Products */;
			projectDirPath = "";
			projectRoot = "";
			targets = (
				FA21FD9E2AB29AB500346EB8 /* LoginPage */,
				FA21FDB42AB29AB700346EB8 /* LoginPageTests */,
				FA21FDBE2AB29AB700346EB8 /* LoginPageUITests */,
			);
		};
/* End PBXProject section */

/* Begin PBXResourcesBuildPhase section */
		FA21FD9D2AB29AB500346EB8 /* Resources */ = {
			isa = PBXResourcesBuildPhase;
			buildActionMask = 2147483647;
			files = (
				FA21FDAF2AB29AB600346EB8 /* LaunchScreen.storyboard in Resources */,
				FA21FDAC2AB29AB600346EB8 /* Assets.xcassets in Resources */,
				FA21FDAA2AB29AB500346EB8 /* Main.storyboard in Resources */,
			);
			runOnlyForDeploymentPostprocessing = 0;
		};
		FA21FDB32AB29AB700346EB8 /* Resources */ = {
			isa = PBXResourcesBuildPhase;
			buildActionMask = 2147483647;
			files = (
			);
			runOnlyForDeploymentPostprocessing = 0;
		};
		FA21FDBD2AB29AB700346EB8 /* Resources */ = {
			isa = PBXResourcesBuildPhase;
			buildActionMask = 2147483647;
			files = (
			);
			runOnlyForDeploymentPostprocessing = 0;
		};
/* End PBXResourcesBuildPhase section */

/* Begin PBXSourcesBuildPhase section */
		FA21FD9B2AB29AB500346EB8 /* Sources */ = {
			isa = PBXSourcesBuildPhase;
			buildActionMask = 2147483647;
			files = (
				FA21FDA72AB29AB500346EB8 /* ViewController.swift in Sources */,
				FA21FDA32AB29AB500346EB8 /* AppDelegate.swift in Sources */,
				FA21FDA52AB29AB500346EB8 /* SceneDelegate.swift in Sources */,
			);
			runOnlyForDeploymentPostprocessing = 0;
		};
		FA21FDB12AB29AB700346EB8 /* Sources */ = {
			isa = PBXSourcesBuildPhase;
			buildActionMask = 2147483647;
			files = (
				FA21FDBA2AB29AB700346EB8 /* LoginPageTests.swift in Sources */,
			);
			runOnlyForDeploymentPostprocessing = 0;
		};
		FA21FDBB2AB29AB700346EB8 /* Sources */ = {
			isa = PBXSourcesBuildPhase;
			buildActionMask = 2147483647;
			files = (
				FA21FDC42AB29AB700346EB8 /* LoginPageUITests.swift in Sources */,
				FA21FDC62AB29AB700346EB8 /* LoginPageUITestsLaunchTests.swift in Sources */,
			);
			runOnlyForDeploymentPostprocessing = 0;
		};
/* End PBXSourcesBuildPhase section */

/* Begin PBXTargetDependency section */
		FA21FDB72AB29AB700346EB8 /* PBXTargetDependency */ = {
			isa = PBXTargetDependency;
			target = FA21FD9E2AB29AB500346EB8 /* LoginPage */;
			targetProxy = FA21FDB62AB29AB700346EB8 /* PBXContainerItemProxy */;
		};
		FA21FDC12AB29AB700346EB8 /* PBXTargetDependency */ = {
			isa = PBXTargetDependency;
			target = FA21FD9E2AB29AB500346EB8 /* LoginPage */;
			targetProxy = FA21FDC02AB29AB700346EB8 /* PBXContainerItemProxy */;
		};
/* End PBXTargetDependency section */

/* Begin PBXVariantGroup section */
		FA21FDA82AB29AB500346EB8 /* Main.storyboard */ = {
			isa = PBXVariantGroup;
			children = (
				FA21FDA92AB29AB500346EB8 /* Base */,
			);
			name = Main.storyboard;
			sourceTree = "<group>";
		};
		FA21FDAD2AB29AB600346EB8 /* LaunchScreen.storyboard */ = {
			isa = PBXVariantGroup;
			children = (
				FA21FDAE2AB29AB600346EB8 /* Base */,
			);
			name = LaunchScreen.storyboard;
			sourceTree = "<group>";
		};
/* End PBXVariantGroup section */

/* Begin XCBuildConfiguration section */
		FA21FDC72AB29AB700346EB8 /* Debug */ = {
			isa = XCBuildConfiguration;
			buildSettings = {
				ALWAYS_SEARCH_USER_PATHS = NO;
				CLANG_ANALYZER_NONNULL = YES;
				CLANG_ANALYZER_NUMBER_OBJECT_CONVERSION = YES_AGGRESSIVE;
				CLANG_CXX_LANGUAGE_STANDARD = "gnu++20";
				CLANG_ENABLE_MODULES = YES;
				CLANG_ENABLE_OBJC_ARC = YES;
				CLANG_ENABLE_OBJC_WEAK = YES;
				CLANG_WARN_BLOCK_CAPTURE_AUTORELEASING = YES;
				CLANG_WARN_BOOL_CONVERSION = YES;
				CLANG_WARN_COMMA = YES;
				CLANG_WARN_CONSTANT_CONVERSION = YES;
				CLANG_WARN_DEPRECATED_OBJC_IMPLEMENTATIONS = YES;
				CLANG_WARN_DIRECT_OBJC_ISA_USAGE = YES_ERROR;
				CLANG_WARN_DOCUMENTATION_COMMENTS = YES;
				CLANG_WARN_EMPTY_BODY = YES;
				CLANG_WARN_ENUM_CONVERSION = YES;
				CLANG_WARN_INFINITE_RECURSION = YES;
				CLANG_WARN_INT_CONVERSION = YES;
				CLANG_WARN_NON_LITERAL_NULL_CONVERSION = YES;
				CLANG_WARN_OBJC_IMPLICIT_RETAIN_SELF = YES;
				CLANG_WARN_OBJC_LITERAL_CONVERSION = YES;
				CLANG_WARN_OBJC_ROOT_CLASS = YES_ERROR;
				CLANG_WARN_QUOTED_INCLUDE_IN_FRAMEWORK_HEADER = YES;
				CLANG_WARN_RANGE_LOOP_ANALYSIS = YES;
				CLANG_WARN_STRICT_PROTOTYPES = YES;
				CLANG_WARN_SUSPICIOUS_MOVE = YES;
				CLANG_WARN_UNGUARDED_AVAILABILITY = YES_AGGRESSIVE;
				CLANG_WARN_UNREACHABLE_CODE = YES;
				CLANG_WARN__DUPLICATE_METHOD_MATCH = YES;
				COPY_PHASE_STRIP = NO;
				DEBUG_INFORMATION_FORMAT = dwarf;
				ENABLE_STRICT_OBJC_MSGSEND = YES;
				ENABLE_TESTABILITY = YES;
				GCC_C_LANGUAGE_STANDARD = gnu11;
				GCC_DYNAMIC_NO_PIC = NO;
				GCC_NO_COMMON_BLOCKS = YES;
				GCC_OPTIMIZATION_LEVEL = 0;
				GCC_PREPROCESSOR_DEFINITIONS = (
					"DEBUG=1",
					"$(inherited)",
				);
				GCC_WARN_64_TO_32_BIT_CONVERSION = YES;
				GCC_WARN_ABOUT_RETURN_TYPE = YES_ERROR;
				GCC_WARN_UNDECLARED_SELECTOR = YES;
				GCC_WARN_UNINITIALIZED_AUTOS = YES_AGGRESSIVE;
				GCC_WARN_UNUSED_FUNCTION = YES;
				GCC_WARN_UNUSED_VARIABLE = YES;
				IPHONEOS_DEPLOYMENT_TARGET = 16.4;
				MTL_ENABLE_DEBUG_INFO = INCLUDE_SOURCE;
				MTL_FAST_MATH = YES;
				ONLY_ACTIVE_ARCH = YES;
				SDKROOT = iphoneos;
				SWIFT_ACTIVE_COMPILATION_CONDITIONS = DEBUG;
				SWIFT_OPTIMIZATION_LEVEL = "-Onone";
			};
			name = Debug;
		};
		FA21FDC82AB29AB700346EB8 /* Release */ = {
			isa = XCBuildConfiguration;
			buildSettings = {
				ALWAYS_SEARCH_USER_PATHS = NO;
				CLANG_ANALYZER_NONNULL = YES;
				CLANG_ANALYZER_NUMBER_OBJECT_CONVERSION = YES_AGGRESSIVE;
				CLANG_CXX_LANGUAGE_STANDARD = "gnu++20";
				CLANG_ENABLE_MODULES = YES;
				CLANG_ENABLE_OBJC_ARC = YES;
				CLANG_ENABLE_OBJC_WEAK = YES;
				CLANG_WARN_BLOCK_CAPTURE_AUTORELEASING = YES;
				CLANG_WARN_BOOL_CONVERSION = YES;
				CLANG_WARN_COMMA = YES;
				CLANG_WARN_CONSTANT_CONVERSION = YES;
				CLANG_WARN_DEPRECATED_OBJC_IMPLEMENTATIONS = YES;
				CLANG_WARN_DIRECT_OBJC_ISA_USAGE = YES_ERROR;
				CLANG_WARN_DOCUMENTATION_COMMENTS = YES;
				CLANG_WARN_EMPTY_BODY = YES;
				CLANG_WARN_ENUM_CONVERSION = YES;
				CLANG_WARN_INFINITE_RECURSION = YES;
				CLANG_WARN_INT_CONVERSION = YES;
				CLANG_WARN_NON_LITERAL_NULL_CONVERSION = YES;
				CLANG_WARN_OBJC_IMPLICIT_RETAIN_SELF = YES;
				CLANG_WARN_OBJC_LITERAL_CONVERSION = YES;
				CLANG_WARN_OBJC_ROOT_CLASS = YES_ERROR;
				CLANG_WARN_QUOTED_INCLUDE_IN_FRAMEWORK_HEADER = YES;
				CLANG_WARN_RANGE_LOOP_ANALYSIS = YES;
				CLANG_WARN_STRICT_PROTOTYPES = YES;
				CLANG_WARN_SUSPICIOUS_MOVE = YES;
				CLANG_WARN_UNGUARDED_AVAILABILITY = YES_AGGRESSIVE;
				CLANG_WARN_UNREACHABLE_CODE = YES;
				CLANG_WARN__DUPLICATE_METHOD_MATCH = YES;
				COPY_PHASE_STRIP = NO;
				DEBUG_INFORMATION_FORMAT = "dwarf-with-dsym";
				ENABLE_NS_ASSERTIONS = NO;
				ENABLE_STRICT_OBJC_MSGSEND = YES;
				GCC_C_LANGUAGE_STANDARD = gnu11;
				GCC_NO_COMMON_BLOCKS = YES;
				GCC_WARN_64_TO_32_BIT_CONVERSION = YES;
				GCC_WARN_ABOUT_RETURN_TYPE = YES_ERROR;
				GCC_WARN_UNDECLARED_SELECTOR = YES;
				GCC_WARN_UNINITIALIZED_AUTOS = YES_AGGRESSIVE;
				GCC_WARN_UNUSED_FUNCTION = YES;
				GCC_WARN_UNUSED_VARIABLE = YES;
				IPHONEOS_DEPLOYMENT_TARGET = 16.4;
				MTL_ENABLE_DEBUG_INFO = NO;
				MTL_FAST_MATH = YES;
				SDKROOT = iphoneos;
				SWIFT_COMPILATION_MODE = wholemodule;
				SWIFT_OPTIMIZATION_LEVEL = "-O";
				VALIDATE_PRODUCT = YES;
			};
			name = Release;
		};
		FA21FDCA2AB29AB700346EB8 /* Debug */ = {
			isa = XCBuildConfiguration;
			buildSettings = {
				ASSETCATALOG_COMPILER_APPICON_NAME = AppIcon;
				ASSETCATALOG_COMPILER_GLOBAL_ACCENT_COLOR_NAME = AccentColor;
				CODE_SIGN_STYLE = Automatic;
				CURRENT_PROJECT_VERSION = 1;
				GENERATE_INFOPLIST_FILE = YES;
				INFOPLIST_FILE = LoginPage/Info.plist;
				INFOPLIST_KEY_UIApplicationSupportsIndirectInputEvents = YES;
				INFOPLIST_KEY_UILaunchStoryboardName = LaunchScreen;
				INFOPLIST_KEY_UIMainStoryboardFile = Main;
				INFOPLIST_KEY_UISupportedInterfaceOrientations_iPad = "UIInterfaceOrientationPortrait UIInterfaceOrientationPortraitUpsideDown UIInterfaceOrientationLandscapeLeft UIInterfaceOrientationLandscapeRight";
				INFOPLIST_KEY_UISupportedInterfaceOrientations_iPhone = "UIInterfaceOrientationPortrait UIInterfaceOrientationLandscapeLeft UIInterfaceOrientationLandscapeRight";
				LD_RUNPATH_SEARCH_PATHS = (
					"$(inherited)",
					"@executable_path/Frameworks",
				);
				MARKETING_VERSION = 1.0;
				PRODUCT_BUNDLE_IDENTIFIER = jiva.LoginPage;
				PRODUCT_NAME = "$(TARGET_NAME)";
				SWIFT_EMIT_LOC_STRINGS = YES;
				SWIFT_VERSION = 5.0;
				TARGETED_DEVICE_FAMILY = "1,2";
			};
			name = Debug;
		};
		FA21FDCB2AB29AB700346EB8 /* Release */ = {
			isa = XCBuildConfiguration;
			buildSettings = {
				ASSETCATALOG_COMPILER_APPICON_NAME = AppIcon;
				ASSETCATALOG_COMPILER_GLOBAL_ACCENT_COLOR_NAME = AccentColor;
				CODE_SIGN_STYLE = Automatic;
				CURRENT_PROJECT_VERSION = 1;
				GENERATE_INFOPLIST_FILE = YES;
				INFOPLIST_FILE = LoginPage/Info.plist;
				INFOPLIST_KEY_UIApplicationSupportsIndirectInputEvents = YES;
				INFOPLIST_KEY_UILaunchStoryboardName = LaunchScreen;
				INFOPLIST_KEY_UIMainStoryboardFile = Main;
				INFOPLIST_KEY_UISupportedInterfaceOrientations_iPad = "UIInterfaceOrientationPortrait UIInterfaceOrientationPortraitUpsideDown UIInterfaceOrientationLandscapeLeft UIInterfaceOrientationLandscapeRight";
				INFOPLIST_KEY_UISupportedInterfaceOrientations_iPhone = "UIInterfaceOrientationPortrait UIInterfaceOrientationLandscapeLeft UIInterfaceOrientationLandscapeRight";
				LD_RUNPATH_SEARCH_PATHS = (
					"$(inherited)",
					"@executable_path/Frameworks",
				);
				MARKETING_VERSION = 1.0;
				PRODUCT_BUNDLE_IDENTIFIER = jiva.LoginPage;
				PRODUCT_NAME = "$(TARGET_NAME)";
				SWIFT_EMIT_LOC_STRINGS = YES;
				SWIFT_VERSION = 5.0;
				TARGETED_DEVICE_FAMILY = "1,2";
			};
			name = Release;
		};
		FA21FDCD2AB29AB700346EB8 /* Debug */ = {
			isa = XCBuildConfiguration;
			buildSettings = {
				ALWAYS_EMBED_SWIFT_STANDARD_LIBRARIES = YES;
				BUNDLE_LOADER = "$(TEST_HOST)";
				CODE_SIGN_STYLE = Automatic;
				CURRENT_PROJECT_VERSION = 1;
				GENERATE_INFOPLIST_FILE = YES;
				IPHONEOS_DEPLOYMENT_TARGET = 16.4;
				MARKETING_VERSION = 1.0;
				PRODUCT_BUNDLE_IDENTIFIER = jiva.LoginPageTests;
				PRODUCT_NAME = "$(TARGET_NAME)";
				SWIFT_EMIT_LOC_STRINGS = NO;
				SWIFT_VERSION = 5.0;
				TARGETED_DEVICE_FAMILY = "1,2";
				TEST_HOST = "$(BUILT_PRODUCTS_DIR)/LoginPage.app/$(BUNDLE_EXECUTABLE_FOLDER_PATH)/LoginPage";
			};
			name = Debug;
		};
		FA21FDCE2AB29AB700346EB8 /* Release */ = {
			isa = XCBuildConfiguration;
			buildSettings = {
				ALWAYS_EMBED_SWIFT_STANDARD_LIBRARIES = YES;
				BUNDLE_LOADER = "$(TEST_HOST)";
				CODE_SIGN_STYLE = Automatic;
				CURRENT_PROJECT_VERSION = 1;
				GENERATE_INFOPLIST_FILE = YES;
				IPHONEOS_DEPLOYMENT_TARGET = 16.4;
				MARKETING_VERSION = 1.0;
				PRODUCT_BUNDLE_IDENTIFIER = jiva.LoginPageTests;
				PRODUCT_NAME = "$(TARGET_NAME)";
				SWIFT_EMIT_LOC_STRINGS = NO;
				SWIFT_VERSION = 5.0;
				TARGETED_DEVICE_FAMILY = "1,2";
				TEST_HOST = "$(BUILT_PRODUCTS_DIR)/LoginPage.app/$(BUNDLE_EXECUTABLE_FOLDER_PATH)/LoginPage";
			};
			name = Release;
		};
		FA21FDD02AB29AB700346EB8 /* Debug */ = {
			isa = XCBuildConfiguration;
			buildSettings = {
				ALWAYS_EMBED_SWIFT_STANDARD_LIBRARIES = YES;
				CODE_SIGN_STYLE = Automatic;
				CURRENT_PROJECT_VERSION = 1;
				GENERATE_INFOPLIST_FILE = YES;
				MARKETING_VERSION = 1.0;
				PRODUCT_BUNDLE_IDENTIFIER = jiva.LoginPageUITests;
				PRODUCT_NAME = "$(TARGET_NAME)";
				SWIFT_EMIT_LOC_STRINGS = NO;
				SWIFT_VERSION = 5.0;
				TARGETED_DEVICE_FAMILY = "1,2";
				TEST_TARGET_NAME = LoginPage;
			};
			name = Debug;
		};
		FA21FDD12AB29AB700346EB8 /* Release */ = {
			isa = XCBuildConfiguration;
			buildSettings = {
				ALWAYS_EMBED_SWIFT_STANDARD_LIBRARIES = YES;
				CODE_SIGN_STYLE = Automatic;
				CURRENT_PROJECT_VERSION = 1;
				GENERATE_INFOPLIST_FILE = YES;
				MARKETING_VERSION = 1.0;
				PRODUCT_BUNDLE_IDENTIFIER = jiva.LoginPageUITests;
				PRODUCT_NAME = "$(TARGET_NAME)";
				SWIFT_EMIT_LOC_STRINGS = NO;
				SWIFT_VERSION = 5.0;
				TARGETED_DEVICE_FAMILY = "1,2";
				TEST_TARGET_NAME = LoginPage;
			};
			name = Release;
		};
/* End XCBuildConfiguration section */

/* Begin XCConfigurationList section */
		FA21FD9A2AB29AB500346EB8 /* Build configuration list for PBXProject "LoginPage" */ = {
			isa = XCConfigurationList;
			buildConfigurations = (
				FA21FDC72AB29AB700346EB8 /* Debug */,
				FA21FDC82AB29AB700346EB8 /* Release */,
			);
			defaultConfigurationIsVisible = 0;
			defaultConfigurationName = Release;
		};
		FA21FDC92AB29AB700346EB8 /* Build configuration list for PBXNativeTarget "LoginPage" */ = {
			isa = XCConfigurationList;
			buildConfigurations = (
				FA21FDCA2AB29AB700346EB8 /* Debug */,
				FA21FDCB2AB29AB700346EB8 /* Release */,
			);
			defaultConfigurationIsVisible = 0;
			defaultConfigurationName = Release;
		};
		FA21FDCC2AB29AB700346EB8 /* Build configuration list for PBXNativeTarget "LoginPageTests" */ = {
			isa = XCConfigurationList;
			buildConfigurations = (
				FA21FDCD2AB29AB700346EB8 /* Debug */,
				FA21FDCE2AB29AB700346EB8 /* Release */,
			);
			defaultConfigurationIsVisible = 0;
			defaultConfigurationName = Release;
		};
		FA21FDCF2AB29AB700346EB8 /* Build configuration list for PBXNativeTarget "LoginPageUITests" */ = {
			isa = XCConfigurationList;
			buildConfigurations = (
				FA21FDD02AB29AB700346EB8 /* Debug */,
				FA21FDD12AB29AB700346EB8 /* Release */,
			);
			defaultConfigurationIsVisible = 0;
			defaultConfigurationName = Release;
		};
/* End XCConfigurationList section */
	};
	rootObject = FA21FD972AB29AB500346EB8 /* Project object */;
}
